{
  "requires": true,
  "lockfileVersion": 1,
  "dependencies": {
    "@babel/code-frame": {
      "version": "7.16.0",
      "resolved": "https://registry.npmmirror.com/@babel/code-frame/download/@babel/code-frame-7.16.0.tgz",
      "integrity": "sha1-DfyAMJvuyEEeZecGRhxAiwu5tDE=",
      "requires": {
        "@babel/highlight": "^7.16.0"
      }
    },
    "@babel/helper-validator-identifier": {
      "version": "7.15.7",
      "resolved": "https://registry.nlark.com/@babel/helper-validator-identifier/download/@babel/helper-validator-identifier-7.15.7.tgz?cache=0&sync_timestamp=1631920110587&other_urls=https%3A%2F%2Fregistry.nlark.com%2F%40babel%2Fhelper-validator-identifier%2Fdownload%2F%40babel%2Fhelper-validator-identifier-7.15.7.tgz",
      "integrity": "sha1-Ig35k7/pBKSmsCq08zhaXr9uI4k="
    },
    "@babel/highlight": {
      "version": "7.16.0",
      "resolved": "https://registry.npmmirror.com/@babel/highlight/download/@babel/highlight-7.16.0.tgz",
      "integrity": "sha1-bOsysspLj182H7f9gh4/3fShclo=",
      "requires": {
        "@babel/helper-validator-identifier": "^7.15.7",
        "chalk": "^2.0.0",
        "js-tokens": "^4.0.0"
      }
    },
    "@types/bn.js": {
      "version": "4.11.6",
      "resolved": "https://registry.npmmirror.com/@types/bn.js/download/@types/bn.js-4.11.6.tgz",
      "integrity": "sha1-wwbHDZNYquozzU7aCSp0K5UFlnw=",
      "requires": {
        "@types/node": "*"
      }
    },
    "@types/minimist": {
      "version": "1.2.2",
      "resolved": "https://registry.npmmirror.com/@types/minimist/download/@types/minimist-1.2.2.tgz?cache=0&other_urls=https%3A%2F%2Fregistry.npmmirror.com%2F%40types%2Fminimist%2Fdownload%2F%40types%2Fminimist-1.2.2.tgz",
      "integrity": "sha1-7nceK6Sz3Fs3KTXVSf2WF780W4w="
    },
    "@types/node": {
      "version": "16.11.10",
      "resolved": "https://registry.npmmirror.com/@types/node/download/@types/node-16.11.10.tgz",
      "integrity": "sha512-3aRnHa1KlOEEhJ6+CvyHKK5vE9BcLGjtUpwvqYLRvYNQKMfabu3BwfJaA/SLW8dxe28LsNDjtHwePTuzn3gmOA=="
    },
    "@types/normalize-package-data": {
      "version": "2.4.1",
      "resolved": "https://registry.npmmirror.com/@types/normalize-package-data/download/@types/normalize-package-data-2.4.1.tgz?cache=0&sync_timestamp=1637270290556&other_urls=https%3A%2F%2Fregistry.npmmirror.com%2F%40types%2Fnormalize-package-data%2Fdownload%2F%40types%2Fnormalize-package-data-2.4.1.tgz",
      "integrity": "sha1-0zV0eaD9/dWQf+Z+F+CoXJBuEwE="
    },
    "@types/pbkdf2": {
      "version": "3.1.0",
      "resolved": "https://registry.npmmirror.com/@types/pbkdf2/download/@types/pbkdf2-3.1.0.tgz",
      "integrity": "sha1-A5oOm2faDNxO5dq4Zcqmsme7ZrE=",
      "requires": {
        "@types/node": "*"
      }
    },
    "@types/secp256k1": {
      "version": "4.0.3",
      "resolved": "https://registry.npmmirror.com/@types/secp256k1/download/@types/secp256k1-4.0.3.tgz",
      "integrity": "sha1-G45V2OAPCO5yILTVmmq+icN6kBw=",
      "requires": {
        "@types/node": "*"
      }
    },
    "aes-js": {
      "version": "3.0.0",
      "resolved": "https://registry.npm.taobao.org/aes-js/download/aes-js-3.0.0.tgz",
      "integrity": "sha1-4h3xCtbCBTKVvLuNq0Cwnb6ofk0="
    },
    "ansi-styles": {
      "version": "3.2.1",
      "resolved": "https://registry.nlark.com/ansi-styles/download/ansi-styles-3.2.1.tgz",
      "integrity": "sha1-QfuyAkPlCxK+DwS43tvwdSDOhB0=",
      "requires": {
        "color-convert": "^1.9.0"
      }
    },
    "arrify": {
      "version": "1.0.1",
      "resolved": "https://registry.nlark.com/arrify/download/arrify-1.0.1.tgz?cache=0&sync_timestamp=1622605313791&other_urls=https%3A%2F%2Fregistry.nlark.com%2Farrify%2Fdownload%2Farrify-1.0.1.tgz",
      "integrity": "sha1-iYUI2iIm84DfkEcoRWhJwVAaSw0="
    },
    "base-x": {
      "version": "3.0.9",
      "resolved": "https://registry.npmmirror.com/base-x/download/base-x-3.0.9.tgz",
      "integrity": "sha1-Y0mqq7WFJjMt6fYJleVIpT/iEyA=",
      "requires": {
        "safe-buffer": "^5.0.1"
      }
    },
    "base64-js": {
      "version": "1.5.1",
      "resolved": "https://registry.npmmirror.com/base64-js/download/base64-js-1.5.1.tgz",
      "integrity": "sha1-GxtEAWClv3rUC2UPCVljSBkDkwo="
    },
    "blakejs": {
      "version": "1.1.1",
      "resolved": "https://registry.nlark.com/blakejs/download/blakejs-1.1.1.tgz",
      "integrity": "sha1-vzEwU5eLLNTERKSHlXEL4Fx4VwI="
    },
    "bn.js": {
      "version": "4.12.0",
      "resolved": "https://registry.nlark.com/bn.js/download/bn.js-4.12.0.tgz",
      "integrity": "sha1-d1s/J477uXGO7HNh9IP7Nvu/6og="
    },
    "brorand": {
      "version": "1.1.0",
      "resolved": "https://registry.npm.taobao.org/brorand/download/brorand-1.1.0.tgz",
      "integrity": "sha1-EsJe/kCkXjwyPrhnWgoM5XsiNx8="
    },
    "browserify-aes": {
      "version": "1.2.0",
      "resolved": "https://registry.npm.taobao.org/browserify-aes/download/browserify-aes-1.2.0.tgz",
      "integrity": "sha1-Mmc0ZC9APavDADIJhTu3CtQo70g=",
      "requires": {
        "buffer-xor": "^1.0.3",
        "cipher-base": "^1.0.0",
        "create-hash": "^1.1.0",
        "evp_bytestokey": "^1.0.3",
        "inherits": "^2.0.1",
        "safe-buffer": "^5.0.1"
      }
    },
    "bs58": {
      "version": "4.0.1",
      "resolved": "https://registry.npm.taobao.org/bs58/download/bs58-4.0.1.tgz?cache=0&sync_timestamp=1575965067099&other_urls=https%3A%2F%2Fregistry.npm.taobao.org%2Fbs58%2Fdownload%2Fbs58-4.0.1.tgz",
      "integrity": "sha1-vhYedsNU9veIrkBx9j806MTwpCo=",
      "requires": {
        "base-x": "^3.0.2"
      }
    },
    "bs58check": {
      "version": "2.1.2",
      "resolved": "https://registry.npm.taobao.org/bs58check/download/bs58check-2.1.2.tgz",
      "integrity": "sha1-U7AYKRIo2CpaoI59eW/a/aVK6/w=",
      "requires": {
        "bs58": "^4.0.0",
        "create-hash": "^1.1.0",
        "safe-buffer": "^5.1.2"
      }
    },
    "buffer": {
      "version": "5.7.1",
      "resolved": "https://registry.nlark.com/buffer/download/buffer-5.7.1.tgz",
      "integrity": "sha1-umLnwTEzBTWCGXFghRqPZI6Z7tA=",
      "requires": {
        "base64-js": "^1.3.1",
        "ieee754": "^1.1.13"
      }
    },
    "buffer-xor": {
      "version": "1.0.3",
      "resolved": "https://registry.npm.taobao.org/buffer-xor/download/buffer-xor-1.0.3.tgz",
      "integrity": "sha1-JuYe0UIvtw3ULm42cp7VHYVf6Nk="
    },
    "camelcase": {
      "version": "6.2.1",
      "resolved": "https://registry.npmmirror.com/camelcase/download/camelcase-6.2.1.tgz?cache=0&sync_timestamp=1636945122112&other_urls=https%3A%2F%2Fregistry.npmmirror.com%2Fcamelcase%2Fdownload%2Fcamelcase-6.2.1.tgz",
      "integrity": "sha512-tVI4q5jjFV5CavAU8DXfza/TJcZutVKo/5Foskmsqcm0MsL91moHvwiGNnqaa2o6PF/7yT5ikDRcVcl8Rj6LCA=="
    },
    "camelcase-keys": {
      "version": "7.0.1",
      "resolved": "https://registry.npmmirror.com/camelcase-keys/download/camelcase-keys-7.0.1.tgz?cache=0&sync_timestamp=1633332959770&other_urls=https%3A%2F%2Fregistry.npmmirror.com%2Fcamelcase-keys%2Fdownload%2Fcamelcase-keys-7.0.1.tgz",
      "integrity": "sha1-Wlfm37P2x5KdrRVZnuRHan6aOy0=",
      "requires": {
        "camelcase": "^6.2.0",
        "map-obj": "^4.1.0",
        "quick-lru": "^5.1.1",
        "type-fest": "^1.2.1"
      }
    },
    "chalk": {
      "version": "2.4.2",
      "resolved": "https://registry.npmmirror.com/chalk/download/chalk-2.4.2.tgz",
      "integrity": "sha1-zUJUFnelQzPPVBpJEIwUMrRMlCQ=",
      "requires": {
        "ansi-styles": "^3.2.1",
        "escape-string-regexp": "^1.0.5",
        "supports-color": "^5.3.0"
      }
    },
    "cipher-base": {
      "version": "1.0.4",
      "resolved": "https://registry.npm.taobao.org/cipher-base/download/cipher-base-1.0.4.tgz",
      "integrity": "sha1-h2Dk7MJy9MNjUy+SbYdKriwTl94=",
      "requires": {
        "inherits": "^2.0.1",
        "safe-buffer": "^5.0.1"
      }
    },
    "color-convert": {
      "version": "1.9.3",
      "resolved": "https://registry.npm.taobao.org/color-convert/download/color-convert-1.9.3.tgz",
      "integrity": "sha1-u3GFBpDh8TZWfeYp0tVHHe2kweg=",
      "requires": {
        "color-name": "1.1.3"
      }
    },
    "color-name": {
      "version": "1.1.3",
      "resolved": "https://registry.npm.taobao.org/color-name/download/color-name-1.1.3.tgz",
      "integrity": "sha1-p9BVi9icQveV3UIyj3QIMcpTvCU="
    },
    "create-hash": {
      "version": "1.2.0",
      "resolved": "https://registry.npm.taobao.org/create-hash/download/create-hash-1.2.0.tgz",
      "integrity": "sha1-iJB4rxGmN1a8+1m9IhmWvjqe8ZY=",
      "requires": {
        "cipher-base": "^1.0.1",
        "inherits": "^2.0.1",
        "md5.js": "^1.3.4",
        "ripemd160": "^2.0.1",
        "sha.js": "^2.4.0"
      }
    },
    "create-hmac": {
      "version": "1.1.7",
      "resolved": "https://registry.npm.taobao.org/create-hmac/download/create-hmac-1.1.7.tgz",
      "integrity": "sha1-aRcMeLOrlXFHsriwRXLkfq0iQ/8=",
      "requires": {
        "cipher-base": "^1.0.3",
        "create-hash": "^1.1.0",
        "inherits": "^2.0.1",
        "ripemd160": "^2.0.0",
        "safe-buffer": "^5.0.1",
        "sha.js": "^2.4.8"
      }
    },
    "decamelize": {
      "version": "5.0.1",
      "resolved": "https://registry.npmmirror.com/decamelize/download/decamelize-5.0.1.tgz?cache=0&sync_timestamp=1633055728451&other_urls=https%3A%2F%2Fregistry.npmmirror.com%2Fdecamelize%2Fdownload%2Fdecamelize-5.0.1.tgz",
      "integrity": "sha1-2xGpLljHQe8zn7Ciho2KBqmnsek="
    },
    "decamelize-keys": {
      "version": "1.1.0",
      "resolved": "https://registry.npm.taobao.org/decamelize-keys/download/decamelize-keys-1.1.0.tgz",
      "integrity": "sha1-0XGoeTMlKAfrPLYdwcFEXQeN8tk=",
      "requires": {
        "decamelize": "^1.1.0",
        "map-obj": "^1.0.0"
      },
      "dependencies": {
        "decamelize": {
          "version": "1.2.0",
          "resolved": "https://registry.npmmirror.com/decamelize/download/decamelize-1.2.0.tgz?cache=0&sync_timestamp=1633055728451&other_urls=https%3A%2F%2Fregistry.npmmirror.com%2Fdecamelize%2Fdownload%2Fdecamelize-1.2.0.tgz",
          "integrity": "sha1-9lNNFRSCabIDUue+4m9QH5oZEpA="
        },
        "map-obj": {
          "version": "1.0.1",
          "resolved": "https://registry.npmmirror.com/map-obj/download/map-obj-1.0.1.tgz",
          "integrity": "sha1-2TPOuSBdgr3PSIb2dCvcK03qFG0="
        }
      }
    },
    "elliptic": {
      "version": "6.5.4",
      "resolved": "https://registry.nlark.com/elliptic/download/elliptic-6.5.4.tgz",
      "integrity": "sha1-2jfOvTHnmhNn6UG1ku0fvr1Yq7s=",
      "requires": {
        "bn.js": "^4.11.9",
        "brorand": "^1.1.0",
        "hash.js": "^1.0.0",
        "hmac-drbg": "^1.0.1",
        "inherits": "^2.0.4",
        "minimalistic-assert": "^1.0.1",
        "minimalistic-crypto-utils": "^1.0.1"
      }
    },
    "error-ex": {
      "version": "1.3.2",
      "resolved": "https://registry.npm.taobao.org/error-ex/download/error-ex-1.3.2.tgz",
      "integrity": "sha1-tKxAZIEH/c3PriQvQovqihTU8b8=",
      "requires": {
        "is-arrayish": "^0.2.1"
      }
    },
    "escape-string-regexp": {
      "version": "1.0.5",
      "resolved": "https://registry.nlark.com/escape-string-regexp/download/escape-string-regexp-1.0.5.tgz",
      "integrity": "sha1-G2HAViGQqN/2rjuyzwIAyhMLhtQ="
    },
    "ethereum-cryptography": {
      "version": "0.1.3",
      "resolved": "https://registry.npmmirror.com/ethereum-cryptography/download/ethereum-cryptography-0.1.3.tgz",
      "integrity": "sha1-jWFDz8PXS/ebvY7ezfKeSuIN0ZE=",
      "requires": {
        "@types/pbkdf2": "^3.0.0",
        "@types/secp256k1": "^4.0.1",
        "blakejs": "^1.1.0",
        "browserify-aes": "^1.2.0",
        "bs58check": "^2.1.2",
        "create-hash": "^1.2.0",
        "create-hmac": "^1.1.7",
        "hash.js": "^1.1.7",
        "keccak": "^3.0.0",
        "pbkdf2": "^3.0.17",
        "randombytes": "^2.1.0",
        "safe-buffer": "^5.1.2",
        "scrypt-js": "^3.0.0",
        "secp256k1": "^4.0.1",
        "setimmediate": "^1.0.5"
      }
    },
    "ethereum-input-data-decoder": {
      "version": "0.3.5",
      "resolved": "https://registry.nlark.com/ethereum-input-data-decoder/download/ethereum-input-data-decoder-0.3.5.tgz",
      "integrity": "sha1-5C+yFbObUVzRrPBzdDYxVuRIvsc=",
      "requires": {
        "@types/node": "^16.7.13",
        "bn.js": "^4.11.8",
        "buffer": "^5.2.1",
        "ethereumjs-abi": "^0.6.7",
        "ethers": "^4.0.27",
        "is-buffer": "^2.0.3",
        "meow": "^10.1.1"
      }
    },
    "ethereumjs-abi": {
      "version": "0.6.8",
      "resolved": "https://registry.npm.taobao.org/ethereumjs-abi/download/ethereumjs-abi-0.6.8.tgz",
      "integrity": "sha1-cbwVLbCZ9w5i8Qi3zfyhs2LG/K4=",
      "requires": {
        "bn.js": "^4.11.8",
        "ethereumjs-util": "^6.0.0"
      }
    },
    "ethereumjs-util": {
      "version": "6.2.1",
      "resolved": "https://registry.npmmirror.com/ethereumjs-util/download/ethereumjs-util-6.2.1.tgz",
      "integrity": "sha1-/LTk3Vzqy50jBUJqsaXNk+MWO2k=",
      "requires": {
        "@types/bn.js": "^4.11.3",
        "bn.js": "^4.11.0",
        "create-hash": "^1.1.2",
        "elliptic": "^6.5.2",
        "ethereum-cryptography": "^0.1.3",
        "ethjs-util": "0.1.6",
        "rlp": "^2.2.3"
      }
    },
    "ethers": {
      "version": "4.0.49",
      "resolved": "https://registry.npmmirror.com/ethers/download/ethers-4.0.49.tgz",
      "integrity": "sha1-DrDpFhoMi0dhvlRzlrvi+xIaiJQ=",
      "requires": {
        "aes-js": "3.0.0",
        "bn.js": "^4.11.9",
        "elliptic": "6.5.4",
        "hash.js": "1.1.3",
        "js-sha3": "0.5.7",
        "scrypt-js": "2.0.4",
        "setimmediate": "1.0.4",
        "uuid": "2.0.1",
        "xmlhttprequest": "1.8.0"
      },
      "dependencies": {
        "hash.js": {
          "version": "1.1.3",
          "resolved": "https://registry.npm.taobao.org/hash.js/download/hash.js-1.1.3.tgz",
          "integrity": "sha1-NA3tvmKQGHFRweodd3o0SJNd+EY=",
          "requires": {
            "inherits": "^2.0.3",
            "minimalistic-assert": "^1.0.0"
          }
        },
        "scrypt-js": {
          "version": "2.0.4",
          "resolved": "https://registry.npm.taobao.org/scrypt-js/download/scrypt-js-2.0.4.tgz",
          "integrity": "sha1-MvjFFJ8Hl2cuVRwH4jD4NLavXxY="
        },
        "setimmediate": {
          "version": "1.0.4",
          "resolved": "https://registry.npm.taobao.org/setimmediate/download/setimmediate-1.0.4.tgz",
          "integrity": "sha1-IOgd5iLUoCWIzgyNqJc8vPHTE48="
        }
      }
    },
    "ethjs-util": {
      "version": "0.1.6",
      "resolved": "https://registry.npmmirror.com/ethjs-util/download/ethjs-util-0.1.6.tgz",
      "integrity": "sha1-8wi2Lxhfn+YjcTL7KpgYhmpc1TY=",
      "requires": {
        "is-hex-prefixed": "1.0.0",
        "strip-hex-prefix": "1.0.0"
      }
    },
    "evp_bytestokey": {
      "version": "1.0.3",
      "resolved": "https://registry.npm.taobao.org/evp_bytestokey/download/evp_bytestokey-1.0.3.tgz",
      "integrity": "sha1-f8vbGY3HGVlDLv4ThCaE4FJaywI=",
      "requires": {
        "md5.js": "^1.3.4",
        "safe-buffer": "^5.1.1"
      }
    },
    "find-up": {
      "version": "5.0.0",
      "resolved": "https://registry.npmmirror.com/find-up/download/find-up-5.0.0.tgz",
      "integrity": "sha1-TJKBnstwg1YeT0okCoa+UZj1Nvw=",
      "requires": {
        "locate-path": "^6.0.0",
        "path-exists": "^4.0.0"
      }
    },
    "function-bind": {
      "version": "1.1.1",
      "resolved": "https://registry.nlark.com/function-bind/download/function-bind-1.1.1.tgz",
      "integrity": "sha1-pWiZ0+o8m6uHS7l3O3xe3pL0iV0="
    },
    "hard-rejection": {
      "version": "2.1.0",
      "resolved": "https://registry.nlark.com/hard-rejection/download/hard-rejection-2.1.0.tgz?cache=0&sync_timestamp=1622604614561&other_urls=https%3A%2F%2Fregistry.nlark.com%2Fhard-rejection%2Fdownload%2Fhard-rejection-2.1.0.tgz",
      "integrity": "sha1-HG7aXBaFxjlCdm15u0Cudzzs2IM="
    },
    "has": {
      "version": "1.0.3",
      "resolved": "https://registry.nlark.com/has/download/has-1.0.3.tgz",
      "integrity": "sha1-ci18v8H2qoJB8W3YFOAR4fQeh5Y=",
      "requires": {
        "function-bind": "^1.1.1"
      }
    },
    "has-flag": {
      "version": "3.0.0",
      "resolved": "https://registry.nlark.com/has-flag/download/has-flag-3.0.0.tgz",
      "integrity": "sha1-tdRU3CGZriJWmfNGfloH87lVuv0="
    },
    "hash-base": {
      "version": "3.1.0",
      "resolved": "https://registry.npm.taobao.org/hash-base/download/hash-base-3.1.0.tgz",
      "integrity": "sha1-VcOB2eBuHSmXqIO0o/3f5/DTrzM=",
      "requires": {
        "inherits": "^2.0.4",
        "readable-stream": "^3.6.0",
        "safe-buffer": "^5.2.0"
      }
    },
    "hash.js": {
      "version": "1.1.7",
      "resolved": "https://registry.npm.taobao.org/hash.js/download/hash.js-1.1.7.tgz",
      "integrity": "sha1-C6vKU46NTuSg+JiNaIZlN6ADz0I=",
      "requires": {
        "inherits": "^2.0.3",
        "minimalistic-assert": "^1.0.1"
      }
    },
    "hmac-drbg": {
      "version": "1.0.1",
      "resolved": "https://registry.npm.taobao.org/hmac-drbg/download/hmac-drbg-1.0.1.tgz",
      "integrity": "sha1-0nRXAQJabHdabFRXk+1QL8DGSaE=",
      "requires": {
        "hash.js": "^1.0.3",
        "minimalistic-assert": "^1.0.0",
        "minimalistic-crypto-utils": "^1.0.1"
      }
    },
    "hosted-git-info": {
      "version": "4.0.2",
      "resolved": "https://registry.npm.taobao.org/hosted-git-info/download/hosted-git-info-4.0.2.tgz?cache=0&sync_timestamp=1617826541967&other_urls=https%3A%2F%2Fregistry.npm.taobao.org%2Fhosted-git-info%2Fdownload%2Fhosted-git-info-4.0.2.tgz",
      "integrity": "sha1-XkJVB+7eT+qEa3Ji8IOEVsQgmWE=",
      "requires": {
        "lru-cache": "^6.0.0"
      }
    },
    "ieee754": {
      "version": "1.2.1",
      "resolved": "https://registry.nlark.com/ieee754/download/ieee754-1.2.1.tgz",
      "integrity": "sha1-jrehCmP/8l0VpXsAFYbRd9Gw01I="
    },
    "indent-string": {
      "version": "5.0.0",
      "resolved": "https://registry.nlark.com/indent-string/download/indent-string-5.0.0.tgz?cache=0&sync_timestamp=1622604582006&other_urls=https%3A%2F%2Fregistry.nlark.com%2Findent-string%2Fdownload%2Findent-string-5.0.0.tgz",
      "integrity": "sha1-T9KYD8yvhiLRTGTWlPTPM8gZUaU="
    },
    "inherits": {
      "version": "2.0.4",
      "resolved": "https://registry.npm.taobao.org/inherits/download/inherits-2.0.4.tgz",
      "integrity": "sha1-D6LGT5MpF8NDOg3tVTY6rjdBa3w="
    },
    "is-arrayish": {
      "version": "0.2.1",
      "resolved": "https://registry.npm.taobao.org/is-arrayish/download/is-arrayish-0.2.1.tgz",
      "integrity": "sha1-d8mYQFJ6qOyxqLppe4BkWnqSap0="
    },
    "is-buffer": {
      "version": "2.0.5",
      "resolved": "https://registry.nlark.com/is-buffer/download/is-buffer-2.0.5.tgz",
      "integrity": "sha1-68JS5ADSL/jXf6CYiIIaJKZYwZE="
    },
    "is-core-module": {
      "version": "2.8.0",
      "resolved": "https://registry.npmmirror.com/is-core-module/download/is-core-module-2.8.0.tgz?cache=0&other_urls=https%3A%2F%2Fregistry.npmmirror.com%2Fis-core-module%2Fdownload%2Fis-core-module-2.8.0.tgz",
      "integrity": "sha1-AyEzbD0JJeSX/Zf12VyxFKXM1Ug=",
      "requires": {
        "has": "^1.0.3"
      }
    },
    "is-hex-prefixed": {
      "version": "1.0.0",
      "resolved": "https://registry.npm.taobao.org/is-hex-prefixed/download/is-hex-prefixed-1.0.0.tgz",
      "integrity": "sha1-fY035q135dEnFIkTxXPggtd39VQ="
    },
    "is-plain-obj": {
      "version": "1.1.0",
      "resolved": "https://registry.nlark.com/is-plain-obj/download/is-plain-obj-1.1.0.tgz",
      "integrity": "sha1-caUMhCnfync8kqOQpKA7OfzVHT4="
    },
    "js-sha3": {
      "version": "0.5.7",
      "resolved": "https://registry.npm.taobao.org/js-sha3/download/js-sha3-0.5.7.tgz",
      "integrity": "sha1-DU/9gALVMzqrr0oj7tL2N0yfKOc="
    },
    "js-tokens": {
      "version": "4.0.0",
      "resolved": "https://registry.nlark.com/js-tokens/download/js-tokens-4.0.0.tgz",
      "integrity": "sha1-GSA/tZmR35jjoocFDUZHzerzJJk="
    },
    "json-parse-even-better-errors": {
      "version": "2.3.1",
      "resolved": "https://registry.nlark.com/json-parse-even-better-errors/download/json-parse-even-better-errors-2.3.1.tgz",
      "integrity": "sha1-fEeAWpQxmSjgV3dAXcEuH3pO4C0="
    },
    "keccak": {
      "version": "3.0.2",
      "resolved": "https://registry.nlark.com/keccak/download/keccak-3.0.2.tgz",
      "integrity": "sha1-TCxujFTgTyZw7kn6c0652hUiBuA=",
      "requires": {
        "node-addon-api": "^2.0.0",
        "node-gyp-build": "^4.2.0",
        "readable-stream": "^3.6.0"
      }
    },
    "kind-of": {
      "version": "6.0.3",
      "resolved": "https://registry.npm.taobao.org/kind-of/download/kind-of-6.0.3.tgz",
      "integrity": "sha1-B8BQNKbDSfoG4k+jWqdttFgM5N0="
    },
    "lines-and-columns": {
      "version": "1.2.4",
      "resolved": "https://registry.npmmirror.com/lines-and-columns/download/lines-and-columns-1.2.4.tgz",
      "integrity": "sha512-7ylylesZQ/PV29jhEDl3Ufjo6ZX7gCqJr5F7PKrqc93v7fzSymt1BpwEU8nAUXs8qzzvqhbjhK5QZg6Mt/HkBg=="
    },
    "locate-path": {
      "version": "6.0.0",
      "resolved": "https://registry.nlark.com/locate-path/download/locate-path-6.0.0.tgz?cache=0&sync_timestamp=1629895724478&other_urls=https%3A%2F%2Fregistry.nlark.com%2Flocate-path%2Fdownload%2Flocate-path-6.0.0.tgz",
      "integrity": "sha1-VTIeswn+u8WcSAHZMackUqaB0oY=",
      "requires": {
        "p-locate": "^5.0.0"
      }
    },
    "lru-cache": {
      "version": "6.0.0",
      "resolved": "https://registry.npm.taobao.org/lru-cache/download/lru-cache-6.0.0.tgz",
      "integrity": "sha1-bW/mVw69lqr5D8rR2vo7JWbbOpQ=",
      "requires": {
        "yallist": "^4.0.0"
      }
    },
    "map-obj": {
      "version": "4.3.0",
      "resolved": "https://registry.npmmirror.com/map-obj/download/map-obj-4.3.0.tgz",
      "integrity": "sha1-kwT5Buk/qucIgNoQKp8d8OqLsFo="
    },
    "md5.js": {
      "version": "1.3.5",
      "resolved": "https://registry.npm.taobao.org/md5.js/download/md5.js-1.3.5.tgz",
      "integrity": "sha1-tdB7jjIW4+J81yjXL3DR5qNCAF8=",
      "requires": {
        "hash-base": "^3.0.0",
        "inherits": "^2.0.1",
        "safe-buffer": "^5.1.2"
      }
    },
    "meow": {
      "version": "10.1.2",
      "resolved": "https://registry.npmmirror.com/meow/download/meow-10.1.2.tgz?cache=0&sync_timestamp=1637477569022&other_urls=https%3A%2F%2Fregistry.npmmirror.com%2Fmeow%2Fdownload%2Fmeow-10.1.2.tgz",
      "integrity": "sha512-zbuAlN+V/sXlbGchNS9WTWjUzeamwMt/BApKCJi7B0QyZstZaMx0n4Unll/fg0njGtMdC9UP5SAscvOCLYdM+Q==",
      "requires": {
        "@types/minimist": "^1.2.2",
        "camelcase-keys": "^7.0.0",
        "decamelize": "^5.0.0",
        "decamelize-keys": "^1.1.0",
        "hard-rejection": "^2.1.0",
        "minimist-options": "4.1.0",
        "normalize-package-data": "^3.0.2",
        "read-pkg-up": "^8.0.0",
        "redent": "^4.0.0",
        "trim-newlines": "^4.0.2",
        "type-fest": "^1.2.2",
        "yargs-parser": "^20.2.9"
      }
    },
    "min-indent": {
      "version": "1.0.1",
      "resolved": "https://registry.nlark.com/min-indent/download/min-indent-1.0.1.tgz",
      "integrity": "sha1-pj9oFnOzBXH76LwlaGrnRu76mGk="
    },
    "minimalistic-assert": {
      "version": "1.0.1",
      "resolved": "https://registry.npm.taobao.org/minimalistic-assert/download/minimalistic-assert-1.0.1.tgz",
      "integrity": "sha1-LhlN4ERibUoQ5/f7wAznPoPk1cc="
    },
    "minimalistic-crypto-utils": {
      "version": "1.0.1",
      "resolved": "https://registry.npm.taobao.org/minimalistic-crypto-utils/download/minimalistic-crypto-utils-1.0.1.tgz",
      "integrity": "sha1-9sAMHAsIIkblxNmd+4x8CDsrWCo="
    },
    "minimist-options": {
      "version": "4.1.0",
      "resolved": "https://registry.npm.taobao.org/minimist-options/download/minimist-options-4.1.0.tgz",
      "integrity": "sha1-wGVXE8U6ii69d/+iR9NCxA8BBhk=",
      "requires": {
        "arrify": "^1.0.1",
        "is-plain-obj": "^1.1.0",
        "kind-of": "^6.0.3"
      }
    },
    "node-addon-api": {
      "version": "2.0.2",
      "resolved": "https://registry.nlark.com/node-addon-api/download/node-addon-api-2.0.2.tgz",
      "integrity": "sha1-Qyz6gpYs5JSxMunXKhWyn3H/XTI="
    },
    "node-gyp-build": {
      "version": "4.3.0",
      "resolved": "https://registry.nlark.com/node-gyp-build/download/node-gyp-build-4.3.0.tgz?cache=0&sync_timestamp=1631436711963&other_urls=https%3A%2F%2Fregistry.nlark.com%2Fnode-gyp-build%2Fdownload%2Fnode-gyp-build-4.3.0.tgz",
      "integrity": "sha1-nyVrA+WCYVC+Ocdkv1Hpk5RtcaM="
    },
    "normalize-package-data": {
      "version": "3.0.3",
      "resolved": "https://registry.nlark.com/normalize-package-data/download/normalize-package-data-3.0.3.tgz?cache=0&sync_timestamp=1629301872905&other_urls=https%3A%2F%2Fregistry.nlark.com%2Fnormalize-package-data%2Fdownload%2Fnormalize-package-data-3.0.3.tgz",
      "integrity": "sha1-28w+LaWVCaCYNCKITNFy7v36Ul4=",
      "requires": {
        "hosted-git-info": "^4.0.1",
        "is-core-module": "^2.5.0",
        "semver": "^7.3.4",
        "validate-npm-package-license": "^3.0.1"
      }
    },
    "p-limit": {
      "version": "3.1.0",
      "resolved": "https://registry.nlark.com/p-limit/download/p-limit-3.1.0.tgz?cache=0&sync_timestamp=1628812766275&other_urls=https%3A%2F%2Fregistry.nlark.com%2Fp-limit%2Fdownload%2Fp-limit-3.1.0.tgz",
      "integrity": "sha1-4drMvnjQ0TiMoYxk/qOOPlfjcGs=",
      "requires": {
        "yocto-queue": "^0.1.0"
      }
    },
    "p-locate": {
      "version": "5.0.0",
      "resolved": "https://registry.nlark.com/p-locate/download/p-locate-5.0.0.tgz",
      "integrity": "sha1-g8gxXGeFAF470CGDlBHJ4RDm2DQ=",
      "requires": {
        "p-limit": "^3.0.2"
      }
    },
    "parse-json": {
      "version": "5.2.0",
      "resolved": "https://registry.npmmirror.com/parse-json/download/parse-json-5.2.0.tgz?cache=0&sync_timestamp=1637475717072&other_urls=https%3A%2F%2Fregistry.npmmirror.com%2Fparse-json%2Fdownload%2Fparse-json-5.2.0.tgz",
      "integrity": "sha1-x2/Gbe5UIxyWKyK8yKcs8vmXU80=",
      "requires": {
        "@babel/code-frame": "^7.0.0",
        "error-ex": "^1.3.1",
        "json-parse-even-better-errors": "^2.3.0",
        "lines-and-columns": "^1.1.6"
      }
    },
    "path-exists": {
      "version": "4.0.0",
      "resolved": "https://registry.nlark.com/path-exists/download/path-exists-4.0.0.tgz",
      "integrity": "sha1-UTvb4tO5XXdi6METfvoZXGxhtbM="
    },
    "pbkdf2": {
      "version": "3.1.2",
      "resolved": "https://registry.nlark.com/pbkdf2/download/pbkdf2-3.1.2.tgz",
      "integrity": "sha1-3YIqoIh1gOUvGgOdw+2hCO+uMHU=",
      "requires": {
        "create-hash": "^1.1.2",
        "create-hmac": "^1.1.4",
        "ripemd160": "^2.0.1",
        "safe-buffer": "^5.0.1",
        "sha.js": "^2.4.8"
      }
    },
    "quick-lru": {
      "version": "5.1.1",
      "resolved": "https://registry.npmmirror.com/quick-lru/download/quick-lru-5.1.1.tgz",
      "integrity": "sha1-NmST5rPkKjpoheLpnRj4D7eoyTI="
    },
    "randombytes": {
      "version": "2.1.0",
      "resolved": "https://registry.npm.taobao.org/randombytes/download/randombytes-2.1.0.tgz",
      "integrity": "sha1-32+ENy8CcNxlzfYpE0mrekc9Tyo=",
      "requires": {
        "safe-buffer": "^5.1.0"
      }
    },
    "read-pkg": {
      "version": "6.0.0",
      "resolved": "https://registry.nlark.com/read-pkg/download/read-pkg-6.0.0.tgz",
      "integrity": "sha1-pnp9ahwrDDzWqi6lIfQMRYpKUEw=",
      "requires": {
        "@types/normalize-package-data": "^2.4.0",
        "normalize-package-data": "^3.0.2",
        "parse-json": "^5.2.0",
        "type-fest": "^1.0.1"
      }
    },
    "read-pkg-up": {
      "version": "8.0.0",
      "resolved": "https://registry.npmmirror.com/read-pkg-up/download/read-pkg-up-8.0.0.tgz",
      "integrity": "sha1-cvWVtl5mEQ9DsFLdmvTeaxBTRnA=",
      "requires": {
        "find-up": "^5.0.0",
        "read-pkg": "^6.0.0",
        "type-fest": "^1.0.1"
      }
    },
    "readable-stream": {
      "version": "3.6.0",
      "resolved": "https://registry.npm.taobao.org/readable-stream/download/readable-stream-3.6.0.tgz",
      "integrity": "sha1-M3u9o63AcGvT4CRCaihtS0sskZg=",
      "requires": {
        "inherits": "^2.0.3",
        "string_decoder": "^1.1.1",
        "util-deprecate": "^1.0.1"
      }
    },
    "redent": {
      "version": "4.0.0",
      "resolved": "https://registry.nlark.com/redent/download/redent-4.0.0.tgz",
      "integrity": "sha1-DAunyquyQlerO7ek/ZXdHVxWgfk=",
      "requires": {
        "indent-string": "^5.0.0",
        "strip-indent": "^4.0.0"
      }
    },
    "ripemd160": {
      "version": "2.0.2",
      "resolved": "https://registry.npm.taobao.org/ripemd160/download/ripemd160-2.0.2.tgz",
      "integrity": "sha1-ocGm9iR1FXe6XQeRTLyShQWFiQw=",
      "requires": {
        "hash-base": "^3.0.0",
        "inherits": "^2.0.1"
      }
    },
    "rlp": {
      "version": "2.2.7",
      "resolved": "https://registry.npmmirror.com/rlp/download/rlp-2.2.7.tgz",
      "integrity": "sha1-M/McSvrIESSsSyg+K9TZcgswvq8=",
      "requires": {
        "bn.js": "^5.2.0"
      },
      "dependencies": {
        "bn.js": {
          "version": "5.2.0",
          "resolved": "https://registry.nlark.com/bn.js/download/bn.js-5.2.0.tgz",
          "integrity": "sha1-NYhgZ0OWxpl3canQUfzBtX1K4AI="
        }
      }
    },
    "safe-buffer": {
      "version": "5.2.1",
      "resolved": "https://registry.npm.taobao.org/safe-buffer/download/safe-buffer-5.2.1.tgz",
      "integrity": "sha1-Hq+fqb2x/dTsdfWPnNtOa3gn7sY="
    },
    "scrypt-js": {
      "version": "3.0.1",
      "resolved": "https://registry.npm.taobao.org/scrypt-js/download/scrypt-js-3.0.1.tgz",
      "integrity": "sha1-0xSlfCrvadGtmKE4oh/p6vqe4xI="
    },
    "secp256k1": {
      "version": "4.0.2",
      "resolved": "https://registry.npm.taobao.org/secp256k1/download/secp256k1-4.0.2.tgz",
      "integrity": "sha1-Fd1X0PC5/bVKwfoWlPQOXppU9KE=",
      "requires": {
        "elliptic": "^6.5.2",
        "node-addon-api": "^2.0.0",
        "node-gyp-build": "^4.2.0"
      }
    },
    "semver": {
      "version": "7.3.5",
      "resolved": "https://registry.npm.taobao.org/semver/download/semver-7.3.5.tgz?cache=0&sync_timestamp=1616463603361&other_urls=https%3A%2F%2Fregistry.npm.taobao.org%2Fsemver%2Fdownload%2Fsemver-7.3.5.tgz",
      "integrity": "sha1-C2Ich5NI2JmOSw5L6Us/EuYBjvc=",
      "requires": {
        "lru-cache": "^6.0.0"
      }
    },
    "setimmediate": {
      "version": "1.0.5",
      "resolved": "https://registry.npm.taobao.org/setimmediate/download/setimmediate-1.0.5.tgz",
      "integrity": "sha1-KQy7Iy4waULX1+qbg3Mqt4VvgoU="
    },
    "sha.js": {
      "version": "2.4.11",
      "resolved": "https://registry.npm.taobao.org/sha.js/download/sha.js-2.4.11.tgz",
      "integrity": "sha1-N6XPC4HsvGlD3hCbopYNGyZYSuc=",
      "requires": {
        "inherits": "^2.0.1",
        "safe-buffer": "^5.0.1"
      }
    },
    "spdx-correct": {
      "version": "3.1.1",
      "resolved": "https://registry.npm.taobao.org/spdx-correct/download/spdx-correct-3.1.1.tgz",
      "integrity": "sha1-3s6BrJweZxPl99G28X1Gj6U9iak=",
      "requires": {
        "spdx-expression-parse": "^3.0.0",
        "spdx-license-ids": "^3.0.0"
      }
    },
    "spdx-exceptions": {
      "version": "2.3.0",
      "resolved": "https://registry.npm.taobao.org/spdx-exceptions/download/spdx-exceptions-2.3.0.tgz",
      "integrity": "sha1-PyjOGnegA3JoPq3kpDMYNSeiFj0="
    },
    "spdx-expression-parse": {
      "version": "3.0.1",
      "resolved": "https://registry.npm.taobao.org/spdx-expression-parse/download/spdx-expression-parse-3.0.1.tgz",
      "integrity": "sha1-z3D1BILu/cmOPOCmgz5KU87rpnk=",
      "requires": {
        "spdx-exceptions": "^2.1.0",
        "spdx-license-ids": "^3.0.0"
      }
    },
    "spdx-license-ids": {
      "version": "3.0.11",
      "resolved": "https://registry.npmmirror.com/spdx-license-ids/download/spdx-license-ids-3.0.11.tgz?cache=0&sync_timestamp=1636978505034&other_urls=https%3A%2F%2Fregistry.npmmirror.com%2Fspdx-license-ids%2Fdownload%2Fspdx-license-ids-3.0.11.tgz",
      "integrity": "sha512-Ctl2BrFiM0X3MANYgj3CkygxhRmr9mi6xhejbdO960nF6EDJApTYpn0BQnDKlnNBULKiCN1n3w9EBkHK8ZWg+g=="
    },
    "string_decoder": {
      "version": "1.3.0",
      "resolved": "https://registry.npm.taobao.org/string_decoder/download/string_decoder-1.3.0.tgz",
      "integrity": "sha1-QvEUWUpGzxqOMLCoT1bHjD7awh4=",
      "requires": {
        "safe-buffer": "~5.2.0"
      }
    },
    "strip-hex-prefix": {
      "version": "1.0.0",
      "resolved": "https://registry.npm.taobao.org/strip-hex-prefix/download/strip-hex-prefix-1.0.0.tgz",
      "integrity": "sha1-DF8VX+8RUTczd96du1iNoFUA428=",
      "requires": {
        "is-hex-prefixed": "1.0.0"
      }
    },
    "strip-indent": {
      "version": "4.0.0",
      "resolved": "https://registry.nlark.com/strip-indent/download/strip-indent-4.0.0.tgz",
      "integrity": "sha1-tBN5Qz3Qb16ugF4h1jHgfuZw2FM=",
      "requires": {
        "min-indent": "^1.0.1"
      }
    },
    "supports-color": {
      "version": "5.5.0",
      "resolved": "https://registry.npmmirror.com/supports-color/download/supports-color-5.5.0.tgz",
      "integrity": "sha1-4uaaRKyHcveKHsCzW2id9lMO/I8=",
      "requires": {
        "has-flag": "^3.0.0"
      }
    },
    "trim-newlines": {
      "version": "4.0.2",
      "resolved": "https://registry.nlark.com/trim-newlines/download/trim-newlines-4.0.2.tgz",
      "integrity": "sha1-1qqvag3xtLU20YOHmmuTlImAjHw="
    },
    "type-fest": {
      "version": "1.4.0",
      "resolved": "https://registry.npmmirror.com/type-fest/download/type-fest-1.4.0.tgz",
      "integrity": "sha1-6fuBP+O/F0TsNZ1V0a/++nbxS+E="
    },
    "util-deprecate": {
      "version": "1.0.2",
      "resolved": "https://registry.npm.taobao.org/util-deprecate/download/util-deprecate-1.0.2.tgz",
      "integrity": "sha1-RQ1Nyfpw3nMnYvvS1KKJgUGaDM8="
    },
    "uuid": {
      "version": "2.0.1",
      "resolved": "https://registry.npmmirror.com/uuid/download/uuid-2.0.1.tgz",
      "integrity": "sha1-wqMN7bPlNdcsz4LjQ5QaULqFM6w="
    },
    "validate-npm-package-license": {
      "version": "3.0.4",
      "resolved": "https://registry.npm.taobao.org/validate-npm-package-license/download/validate-npm-package-license-3.0.4.tgz",
      "integrity": "sha1-/JH2uce6FchX9MssXe/uw51PQQo=",
      "requires": {
        "spdx-correct": "^3.0.0",
        "spdx-expression-parse": "^3.0.0"
      }
    },
    "xmlhttprequest": {
      "version": "1.8.0",
      "resolved": "https://registry.npm.taobao.org/xmlhttprequest/download/xmlhttprequest-1.8.0.tgz",
      "integrity": "sha1-Z/4HXFwk/vOfnWX197f+dRcZaPw="
    },
    "yallist": {
      "version": "4.0.0",
      "resolved": "https://registry.npm.taobao.org/yallist/download/yallist-4.0.0.tgz",
      "integrity": "sha1-m7knkNnA7/7GO+c1GeEaNQGaOnI="
    },
    "yargs-parser": {
      "version": "20.2.9",
      "resolved": "https://registry.npmmirror.com/yargs-parser/download/yargs-parser-20.2.9.tgz?cache=0&sync_timestamp=1637031023704&other_urls=https%3A%2F%2Fregistry.npmmirror.com%2Fyargs-parser%2Fdownload%2Fyargs-parser-20.2.9.tgz",
      "integrity": "sha1-LrfcOwKJcY/ClfNidThFxBoMlO4="
    },
    "yocto-queue": {
      "version": "0.1.0",
      "resolved": "https://registry.nlark.com/yocto-queue/download/yocto-queue-0.1.0.tgz",
      "integrity": "sha1-ApTrPe4FAo0x7hpfosVWpqrxChs="
    }
  }
}
